
Microsoft Visual Studio Solution File, Format Version 12.00
# Visual Studio Version 17
VisualStudioVersion = 17.0.32112.339
MinimumVisualStudioVersion = 10.0.40219.1
Project("{FAE04EC0-301F-11D3-BF4B-00C04F79EFBC}") = "Afrotizashion", "Afrotizashion\Afrotizashion.csproj", "{4319B8FA-C92F-49B3-9801-DEF066B35539}"
EndProject
Global
	GlobalSection(SolutionConfigurationPlatforms) = preSolution
		Debug|Any CPU = Debug|Any CPU
		Release|Any CPU = Release|Any CPU
	EndGlobalSection
	GlobalSection(ProjectConfigurationPlatforms) = postSolution
		{4319B8FA-C92F-49B3-9801-DEF066B35539}.Debug|Any CPU.ActiveCfg = Debug|Any CPU
		{4319B8FA-C92F-49B3-9801-DEF066B35539}.Debug|Any CPU.Build.0 = Debug|Any CPU
		{4319B8FA-C92F-49B3-9801-DEF066B35539}.Release|Any CPU.ActiveCfg = Release|Any CPU
		{4319B8FA-C92F-49B3-9801-DEF066B35539}.Release|Any CPU.Build.0 = Release|Any CPU
	EndGlobalSection
	GlobalSection(SolutionProperties) = preSolution
		HideSolutionNode = FALSE
	EndGlobalSection
	GlobalSection(ExtensibilityGlobals) = postSolution
		SolutionGuid = {75226816-0EB6-49F8-A950-69BBCE277CB9}
	EndGlobalSection
EndGlobal
